{
  "version": 4,
  "terraform_version": "1.14.3",
  "serial": 1,
  "lineage": "c07aeea1-ea1c-ab3f-e8a6-98c30a50967a",
  "outputs": {},
  "resources": [
    {
      "mode": "managed",
      "type": "aws_key_pair",
      "name": "booksy_key",
      "provider": "provider[\"registry.terraform.io/hashicorp/aws\"]",
      "instances": [
        {
          "schema_version": 1,
          "attributes": {
            "arn": "arn:aws:ec2:ap-south-1:715760504306:key-pair/booksy-key",
            "fingerprint": "8a:a3:c2:58:4d:c1:b3:0f:ae:95:37:23:8c:41:25:f7",
            "id": "booksy-key",
            "key_name": "booksy-key",
            "key_name_prefix": "",
            "key_pair_id": "key-0036e2c6cabb4741b",
            "key_type": "rsa",
            "public_key": "ssh-rsa AAAAB3NzaC1yc2EAAAADAQABAAABAQC/aA1EmLFXydh/2M375AG8kwT6rv+ygip5ENYrDnZe37fzTLHLYGy+8vP7vwpvsv4Cz1xUrZckk71HIEMYnAOeV8CICYN6oiu1NaycxM1q6j2iZev8FGv/PbbNUQDB29w3v0QMoCrC6RA6kbb0misqLiZ2WyOVo+/BSSQdNnoYUXUy5Du9HiGQSe5xk33Dkge7pPZ0bkPGY+GpIUan1GkFOVu8cqY0UBHrBDK/kdiUBB9tJgOONRKWZ2kCMJMqQJnG4F7m8OebDJCosA/ABK+jXhPu7/dCp5jQvzvWIEJEqL59h4Jz8gFxnJTpyWPO333iZGUSoDHOexK5E3GYKNU3 bandara2001@OSHINI",
            "region": "ap-south-1",
            "tags": null,
            "tags_all": {}
          },
          "sensitive_attributes": [],
          "identity_schema_version": 0,
          "private": "eyJzY2hlbWFfdmVyc2lvbiI6IjEifQ=="
        }
      ]
    }
  ],
  "check_results": null
}
